{
    "version": 3,
    "terraform_version": "0.10.2",
    "serial": 14,
    "lineage": "cc9ebea9-d5c8-4595-adf4-4570938af466",
    "modules": [
        {
            "path": [
                "root"
            ],
            "outputs": {
                "ip": {
                    "sensitive": false,
                    "type": "string",
                    "value": "159.203.176.224,67.205.135.142,162.243.167.161"
                }
            },
            "resources": {
                "digitalocean_droplet.docker.0": {
                    "type": "digitalocean_droplet",
                    "depends_on": [],
                    "primary": {
                        "id": "69291338",
                        "attributes": {
                            "disk": "20",
                            "id": "69291338",
                            "image": "ubuntu-16-04-x64",
                            "ipv4_address": "159.203.176.224",
                            "locked": "false",
                            "name": "node1",
                            "price_hourly": "0.00744",
                            "price_monthly": "5",
                            "region": "nyc1",
                            "resize_disk": "false",
                            "size": "512mb",
                            "ssh_keys.#": "1",
                            "ssh_keys.0": "43:0f:4e:76:7e:87:6f:be:f7:53:3a:80:5e:7f:88:df",
                            "status": "active",
                            "tags.#": "0",
                            "vcpus": "1"
                        },
                        "meta": {},
                        "tainted": false
                    },
                    "deposed": [],
                    "provider": ""
                },
                "digitalocean_droplet.docker.1": {
                    "type": "digitalocean_droplet",
                    "depends_on": [],
                    "primary": {
                        "id": "69291339",
                        "attributes": {
                            "disk": "20",
                            "id": "69291339",
                            "image": "ubuntu-16-04-x64",
                            "ipv4_address": "67.205.135.142",
                            "locked": "false",
                            "name": "node2",
                            "price_hourly": "0.00744",
                            "price_monthly": "5",
                            "region": "nyc1",
                            "resize_disk": "false",
                            "size": "512mb",
                            "ssh_keys.#": "1",
                            "ssh_keys.0": "43:0f:4e:76:7e:87:6f:be:f7:53:3a:80:5e:7f:88:df",
                            "status": "active",
                            "tags.#": "0",
                            "vcpus": "1"
                        },
                        "meta": {},
                        "tainted": false
                    },
                    "deposed": [],
                    "provider": ""
                },
                "digitalocean_droplet.docker.2": {
                    "type": "digitalocean_droplet",
                    "depends_on": [],
                    "primary": {
                        "id": "69291337",
                        "attributes": {
                            "disk": "20",
                            "id": "69291337",
                            "image": "ubuntu-16-04-x64",
                            "ipv4_address": "162.243.167.161",
                            "locked": "false",
                            "name": "node3",
                            "price_hourly": "0.00744",
                            "price_monthly": "5",
                            "region": "nyc1",
                            "resize_disk": "false",
                            "size": "512mb",
                            "ssh_keys.#": "1",
                            "ssh_keys.0": "43:0f:4e:76:7e:87:6f:be:f7:53:3a:80:5e:7f:88:df",
                            "status": "active",
                            "tags.#": "0",
                            "vcpus": "1"
                        },
                        "meta": {},
                        "tainted": false
                    },
                    "deposed": [],
                    "provider": ""
                }
            },
            "depends_on": []
        }
    ]
}
